// !$*UTF8*$!
{
	archiveVersion = 1;
	classes = {
	};
	objectVersion = 46;
	objects = {

/* Begin PBXBuildFile section */
		4B516CC21B3E58F100E83351 /* main.m in Sources */ = {isa = PBXBuildFile; fileRef = 4B516CC11B3E58F100E83351 /* main.m */; };
		4B516CD11B3E5DBA00E83351 /* Weather.m in Sources */ = {isa = PBXBuildFile; fileRef = 4B516CD01B3E5DBA00E83351 /* Weather.m */; };
		4B516CD41B3E5E4A00E83351 /* Currently.m in Sources */ = {isa = PBXBuildFile; fileRef = 4B516CD31B3E5E4A00E83351 /* Currently.m */; };
/* End PBXBuildFile section */

/* Begin PBXCopyFilesBuildPhase section */
		4B516CBC1B3E58F100E83351 /* CopyFiles */ = {
			isa = PBXCopyFilesBuildPhase;
			buildActionMask = 2147483647;
			dstPath = /usr/share/man/man1/;
			dstSubfolderSpec = 0;
			files = (
			);
			runOnlyForDeploymentPostprocessing = 1;
		};
/* End PBXCopyFilesBuildPhase section */

/* Begin PBXFileReference section */
		4B516CBE1B3E58F100E83351 /* DefiningClasses */ = {isa = PBXFileReference; explicitFileType = "compiled.mach-o.executable"; includeInIndex = 0; path = DefiningClasses; sourceTree = BUILT_PRODUCTS_DIR; };
		4B516CC11B3E58F100E83351 /* main.m */ = {isa = PBXFileReference; lastKnownFileType = sourcecode.c.objc; path = main.m; sourceTree = "<group>"; };
		4B516CCF1B3E5DBA00E83351 /* Weather.h */ = {isa = PBXFileReference; fileEncoding = 4; lastKnownFileType = sourcecode.c.h; path = Weather.h; sourceTree = "<group>"; };
		4B516CD01B3E5DBA00E83351 /* Weather.m */ = {isa = PBXFileReference; fileEncoding = 4; lastKnownFileType = sourcecode.c.objc; path = Weather.m; sourceTree = "<group>"; };
		4B516CD21B3E5E4A00E83351 /* Currently.h */ = {isa = PBXFileReference; fileEncoding = 4; lastKnownFileType = sourcecode.c.h; path = Currently.h; sourceTree = "<group>"; };
		4B516CD31B3E5E4A00E83351 /* Currently.m */ = {isa = PBXFileReference; fileEncoding = 4; lastKnownFileType = sourcecode.c.objc; path = Currently.m; sourceTree = "<group>"; };
/* End PBXFileReference section */

/* Begin PBXFrameworksBuildPhase section */
		4B516CBB1B3E58F100E83351 /* Frameworks */ = {
			isa = PBXFrameworksBuildPhase;
			buildActionMask = 2147483647;
			files = (
			);
			runOnlyForDeploymentPostprocessing = 0;
		};
/* End PBXFrameworksBuildPhase section */

/* Begin PBXGroup section */
		4B516CB51B3E58F100E83351 = {
			isa = PBXGroup;
			children = (
				4B516CC01B3E58F100E83351 /* DefiningClasses */,
				4B516CBF1B3E58F100E83351 /* Products */,
			);
			sourceTree = "<group>";
		};
		4B516CBF1B3E58F100E83351 /* Products */ = {
			isa = PBXGroup;
			children = (
				4B516CBE1B3E58F100E83351 /* DefiningClasses */,
			);
			name = Products;
			sourceTree = "<group>";
		};
		4B516CC01B3E58F100E83351 /* DefiningClasses */ = {
			isa = PBXGroup;
			children = (
				4B516CD61B3E600900E83351 /* api */,
				4B516CD51B3E5FE600E83351 /* models */,
				4B516CC11B3E58F100E83351 /* main.m */,
			);
			path = DefiningClasses;
			sourceTree = "<group>";
		};
		4B516CD51B3E5FE600E83351 /* models */ = {
			isa = PBXGroup;
			children = (
				4B516CCF1B3E5DBA00E83351 /* Weather.h */,
				4B516CD01B3E5DBA00E83351 /* Weather.m */,
				4B516CD21B3E5E4A00E83351 /* Currently.h */,
				4B516CD31B3E5E4A00E83351 /* Currently.m */,
			);
			name = models;
			sourceTree = "<group>";
		};
		4B516CD61B3E600900E83351 /* api */ = {
			isa = PBXGroup;
			children = (
			);
			name = api;
			sourceTree = "<group>";
		};
/* End PBXGroup section */

/* Begin PBXNativeTarget section */
		4B516CBD1B3E58F100E83351 /* DefiningClasses */ = {
			isa = PBXNativeTarget;
			buildConfigurationList = 4B516CC51B3E58F100E83351 /* Build configuration list for PBXNativeTarget "DefiningClasses" */;
			buildPhases = (
				4B516CBA1B3E58F100E83351 /* Sources */,
				4B516CBB1B3E58F100E83351 /* Frameworks */,
				4B516CBC1B3E58F100E83351 /* CopyFiles */,
			);
			buildRules = (
			);
			dependencies = (
			);
			name = DefiningClasses;
			productName = DefiningClasses;
			productReference = 4B516CBE1B3E58F100E83351 /* DefiningClasses */;
			productType = "com.apple.product-type.tool";
		};
/* End PBXNativeTarget section */

/* Begin PBXProject section */
		4B516CB61B3E58F100E83351 /* Project object */ = {
			isa = PBXProject;
			attributes = {
				LastUpgradeCheck = 0630;
				ORGANIZATIONNAME = ZkHaider;
				TargetAttributes = {
					4B516CBD1B3E58F100E83351 = {
						CreatedOnToolsVersion = 6.3.2;
					};
				};
			};
			buildConfigurationList = 4B516CB91B3E58F100E83351 /* Build configuration list for PBXProject "DefiningClasses" */;
			compatibilityVersion = "Xcode 3.2";
			developmentRegion = English;
			hasScannedForEncodings = 0;
			knownRegions = (
				en,
			);
			mainGroup = 4B516CB51B3E58F100E83351;
			productRefGroup = 4B516CBF1B3E58F100E83351 /* Products */;
			projectDirPath = "";
			projectRoot = "";
			targets = (
				4B516CBD1B3E58F100E83351 /* DefiningClasses */,
			);
		};
/* End PBXProject section */

/* Begin PBXSourcesBuildPhase section */
		4B516CBA1B3E58F100E83351 /* Sources */ = {
			isa = PBXSourcesBuildPhase;
			buildActionMask = 2147483647;
			files = (
				4B516CD11B3E5DBA00E83351 /* Weather.m in Sources */,
				4B516CD41B3E5E4A00E83351 /* Currently.m in Sources */,
				4B516CC21B3E58F100E83351 /* main.m in Sources */,
			);
			runOnlyForDeploymentPostprocessing = 0;
		};
/* End PBXSourcesBuildPhase section */

/* Begin XCBuildConfiguration section */
		4B516CC31B3E58F100E83351 /* Debug */ = {
			isa = XCBuildConfiguration;
			buildSettings = {
				ALWAYS_SEARCH_USER_PATHS = NO;
				CLANG_CXX_LANGUAGE_STANDARD = "gnu++0x";
				CLANG_CXX_LIBRARY = "libc++";
				CLANG_ENABLE_MODULES = YES;
				CLANG_ENABLE_OBJC_ARC = YES;
				CLANG_WARN_BOOL_CONVERSION = YES;
				CLANG_WARN_CONSTANT_CONVERSION = YES;
				CLANG_WARN_DIRECT_OBJC_ISA_USAGE = YES_ERROR;
				CLANG_WARN_EMPTY_BODY = YES;
				CLANG_WARN_ENUM_CONVERSION = YES;
				CLANG_WARN_INT_CONVERSION = YES;
				CLANG_WARN_OBJC_ROOT_CLASS = YES_ERROR;
				CLANG_WARN_UNREACHABLE_CODE = YES;
				CLANG_WARN__DUPLICATE_METHOD_MATCH = YES;
				COPY_PHASE_STRIP = NO;
				DEBUG_INFORMATION_FORMAT = dwarf;
				ENABLE_STRICT_OBJC_MSGSEND = YES;
				GCC_C_LANGUAGE_STANDARD = gnu99;
				GCC_DYNAMIC_NO_PIC = NO;
				GCC_NO_COMMON_BLOCKS = YES;
				GCC_OPTIMIZATION_LEVEL = 0;
				GCC_PREPROCESSOR_DEFINITIONS = (
					"DEBUG=1",
					"$(inherited)",
				);
				GCC_SYMBOLS_PRIVATE_EXTERN = NO;
				GCC_WARN_64_TO_32_BIT_CONVERSION = YES;
				GCC_WARN_ABOUT_RETURN_TYPE = YES_ERROR;
				GCC_WARN_UNDECLARED_SELECTOR = YES;
				GCC_WARN_UNINITIALIZED_AUTOS = YES_AGGRESSIVE;
				GCC_WARN_UNUSED_FUNCTION = YES;
				GCC_WARN_UNUSED_VARIABLE = YES;
				MACOSX_DEPLOYMENT_TARGET = 10.10;
				MTL_ENABLE_DEBUG_INFO = YES;
				ONLY_ACTIVE_ARCH = YES;
				SDKROOT = macosx;
			};
			name = Debug;
		};
		4B516CC41B3E58F100E83351 /* Release */ = {
			isa = XCBuildConfiguration;
			buildSettings = {
				ALWAYS_SEARCH_USER_PATHS = NO;
				CLANG_CXX_LANGUAGE_STANDARD = "gnu++0x";
				CLANG_CXX_LIBRARY = "libc++";
				CLANG_ENABLE_MODULES = YES;
				CLANG_ENABLE_OBJC_ARC = YES;
				CLANG_WARN_BOOL_CONVERSION = YES;
				CLANG_WARN_CONSTANT_CONVERSION = YES;
				CLANG_WARN_DIRECT_OBJC_ISA_USAGE = YES_ERROR;
				CLANG_WARN_EMPTY_BODY = YES;
				CLANG_WARN_ENUM_CONVERSION = YES;
				CLANG_WARN_INT_CONVERSION = YES;
				CLANG_WARN_OBJC_ROOT_CLASS = YES_ERROR;
				CLANG_WARN_UNREACHABLE_CODE = YES;
				CLANG_WARN__DUPLICATE_METHOD_MATCH = YES;
				COPY_PHASE_STRIP = NO;
				DEBUG_INFORMATION_FORMAT = "dwarf-with-dsym";
				ENABLE_NS_ASSERTIONS = NO;
				ENABLE_STRICT_OBJC_MSGSEND = YES;
				GCC_C_LANGUAGE_STANDARD = gnu99;
				GCC_NO_COMMON_BLOCKS = YES;
				GCC_WARN_64_TO_32_BIT_CONVERSION = YES;
				GCC_WARN_ABOUT_RETURN_TYPE = YES_ERROR;
				GCC_WARN_UNDECLARED_SELECTOR = YES;
				GCC_WARN_UNINITIALIZED_AUTOS = YES_AGGRESSIVE;
				GCC_WARN_UNUSED_FUNCTION = YES;
				GCC_WARN_UNUSED_VARIABLE = YES;
				MACOSX_DEPLOYMENT_TARGET = 10.10;
				MTL_ENABLE_DEBUG_INFO = NO;
				SDKROOT = macosx;
			};
			name = Release;
		};
		4B516CC61B3E58F100E83351 /* Debug */ = {
			isa = XCBuildConfiguration;
			buildSettings = {
				PRODUCT_NAME = "$(TARGET_NAME)";
			};
			name = Debug;
		};
		4B516CC71B3E58F100E83351 /* Release */ = {
			isa = XCBuildConfiguration;
			buildSettings = {
				PRODUCT_NAME = "$(TARGET_NAME)";
			};
			name = Release;
		};
/* End XCBuildConfiguration section */

/* Begin XCConfigurationList section */
		4B516CB91B3E58F100E83351 /* Build configuration list for PBXProject "DefiningClasses" */ = {
			isa = XCConfigurationList;
			buildConfigurations = (
				4B516CC31B3E58F100E83351 /* Debug */,
				4B516CC41B3E58F100E83351 /* Release */,
			);
			defaultConfigurationIsVisible = 0;
			defaultConfigurationName = Release;
		};
		4B516CC51B3E58F100E83351 /* Build configuration list for PBXNativeTarget "DefiningClasses" */ = {
			isa = XCConfigurationList;
			buildConfigurations = (
				4B516CC61B3E58F100E83351 /* Debug */,
				4B516CC71B3E58F100E83351 /* Release */,
			);
			defaultConfigurationIsVisible = 0;
		};
/* End XCConfigurationList section */
	};
	rootObject = 4B516CB61B3E58F100E83351 /* Project object */;
}
